
Microsoft Visual Studio Solution File, Format Version 12.00
# Visual Studio Express 2013 for Web
VisualStudioVersion = 12.0.30723.0
MinimumVisualStudioVersion = 10.0.40219.1
Project("{FAE04EC0-301F-11D3-BF4B-00C04F79EFBC}") = "GigRate", "GigRate\GigRate.csproj", "{0CCE54F7-9322-4B69-B405-5BE0ACE42C9B}"
EndProject
Project("{00D1A9C2-B5F0-4AF3-8072-F6C62B433612}") = "GigRateData", "GigRateData\GigRateData.sqlproj", "{60BE34F0-3A39-4470-9282-1238AB396696}"
EndProject
Project("{2150E333-8FDC-42A3-9474-1A3956D46DE8}") = "Solution Items", "Solution Items", "{8368B758-E7FC-4154-B53B-0CEFCCEAA086}"
	ProjectSection(SolutionItems) = preProject
		README.md = README.md
	EndProjectSection
EndProject
Global
	GlobalSection(SolutionConfigurationPlatforms) = preSolution
		Debug|Any CPU = Debug|Any CPU
		Release|Any CPU = Release|Any CPU
	EndGlobalSection
	GlobalSection(ProjectConfigurationPlatforms) = postSolution
		{0CCE54F7-9322-4B69-B405-5BE0ACE42C9B}.Debug|Any CPU.ActiveCfg = Debug|Any CPU
		{0CCE54F7-9322-4B69-B405-5BE0ACE42C9B}.Debug|Any CPU.Build.0 = Debug|Any CPU
		{0CCE54F7-9322-4B69-B405-5BE0ACE42C9B}.Release|Any CPU.ActiveCfg = Release|Any CPU
		{0CCE54F7-9322-4B69-B405-5BE0ACE42C9B}.Release|Any CPU.Build.0 = Release|Any CPU
		{60BE34F0-3A39-4470-9282-1238AB396696}.Debug|Any CPU.ActiveCfg = Debug|Any CPU
		{60BE34F0-3A39-4470-9282-1238AB396696}.Debug|Any CPU.Build.0 = Debug|Any CPU
		{60BE34F0-3A39-4470-9282-1238AB396696}.Debug|Any CPU.Deploy.0 = Debug|Any CPU
		{60BE34F0-3A39-4470-9282-1238AB396696}.Release|Any CPU.ActiveCfg = Release|Any CPU
		{60BE34F0-3A39-4470-9282-1238AB396696}.Release|Any CPU.Build.0 = Release|Any CPU
		{60BE34F0-3A39-4470-9282-1238AB396696}.Release|Any CPU.Deploy.0 = Release|Any CPU
	EndGlobalSection
	GlobalSection(SolutionProperties) = preSolution
		HideSolutionNode = FALSE
	EndGlobalSection
EndGlobal
